{
  "nodes": {
    "crane": {
      "locked": {
        "lastModified": 1768319649,
        "narHash": "sha256-VFkNyxHxkqGp8gf8kfFMW1j6XeBy609kv6TE9uF/0Js=",
        "owner": "ipetkov",
        "repo": "crane",
        "rev": "4b6527687cfd20da3c2ef8287e01b74c2d6c705b",
        "type": "github"
      },
      "original": {
        "owner": "ipetkov",
        "repo": "crane",
        "type": "github"
      }
    },
    "flake-utils": {
      "inputs": {
        "systems": "systems"
      },
      "locked": {
        "lastModified": 1731533236,
        "narHash": "sha256-l0KFg5HjrsfsO/JpG+r7fRrqm12kzFHyUHqHCVpMMbI=",
        "owner": "numtide",
        "repo": "flake-utils",
        "rev": "11707dc2f618dd54ca8739b309ec4fc024de578b",
        "type": "github"
      },
      "original": {
        "owner": "numtide",
        "repo": "flake-utils",
        "type": "github"
      }
    },
    "nixpkgs": {
      "locked": {
        "lastModified": 1761676995,
        "narHash": "sha256-2YVI85fVtohAr66vqtiYtIFzqMMoZ+4GKrHN0HR3f2k=",
        "owner": "NixOS",
        "repo": "nixpkgs",
        "rev": "6d9b8d6cfb4596ffb627df9da72d26b35aa87468",
        "type": "github"
      },
      "original": {
        "owner": "NixOS",
        "ref": "release-25.11",
        "repo": "nixpkgs",
        "type": "github"
      }
    },
    "prisma-utils": {
      "inputs": {
        "flake-utils": [
          "flake-utils"
        ],
        "nixpkgs": [
          "nixpkgs"
        ],
        "treefmt-nix": "treefmt-nix"
      },
      "locked": {
        "lastModified": 1768336037,
        "narHash": "sha256-rL3ZTAyjaK4A10SQattl8kXRorZ4mzEkOi/oWRYTdRs=",
        "owner": "VanCoding",
        "repo": "nix-prisma-utils",
        "rev": "40b33511fae1c2b24317bca888f09471c9a1675c",
        "type": "github"
      },
      "original": {
        "owner": "VanCoding",
        "repo": "nix-prisma-utils",
        "type": "github"
      }
    },
    "root": {
      "inputs": {
        "crane": "crane",
        "flake-utils": "flake-utils",
        "nixpkgs": "nixpkgs",
        "prisma-utils": "prisma-utils",
        "rust-overlay": "rust-overlay"
      }
    },
    "rust-overlay": {
      "inputs": {
        "nixpkgs": [
          "nixpkgs"
        ]
      },
      "locked": {
        "lastModified": 1768445213,
        "narHash": "sha256-y0BglISgDr61vvdb35m0O4npuqh1pojlBNDILo9j8AI=",
        "owner": "oxalica",
        "repo": "rust-overlay",
        "rev": "1cd63408e71cc0e6a89ff2cb7c4107214e2523cc",
        "type": "github"
      },
      "original": {
        "owner": "oxalica",
        "repo": "rust-overlay",
        "type": "github"
      }
    },
    "systems": {
      "locked": {
        "lastModified": 1681028828,
        "narHash": "sha256-Vy1rq5AaRuLzOxct8nz4T6wlgyUR7zLU309k9mBC768=",
        "owner": "nix-systems",
        "repo": "default",
        "rev": "da67096a3b9bf56a91d16901293e51ba5b49a27e",
        "type": "github"
      },
      "original": {
        "owner": "nix-systems",
        "repo": "default",
        "type": "github"
      }
    },
    "treefmt-nix": {
      "inputs": {
        "nixpkgs": [
          "prisma-utils",
          "nixpkgs"
        ]
      },
      "locked": {
        "lastModified": 1738070913,
        "narHash": "sha256-j6jC12vCFsTGDmY2u1H12lMr62fnclNjuCtAdF1a4Nk=",
        "owner": "numtide",
        "repo": "treefmt-nix",
        "rev": "bebf27d00f7d10ba75332a0541ac43676985dea3",
        "type": "github"
      },
      "original": {
        "owner": "numtide",
        "repo": "treefmt-nix",
        "type": "github"
      }
    }
  },
  "root": "root",
  "version": 7
}
